
Microsoft Visual Studio Solution File, Format Version 12.00
# Visual Studio 14
VisualStudioVersion = 14.0.25420.1
MinimumVisualStudioVersion = 10.0.40219.1
Project("{FAE04EC0-301F-11D3-BF4B-00C04F79EFBC}") = "Firebase.Auth", "Firebase.Auth\Firebase.Auth.csproj", "{FCE01563-C866-4700-BD18-381F5072756D}"
EndProject
Project("{FAE04EC0-301F-11D3-BF4B-00C04F79EFBC}") = "Firebase.Auth.Tests", "Firebase.Auth.Tests\Firebase.Auth.Tests.csproj", "{9261AE76-5B52-45EC-945A-4E7F6612CFB6}"
	ProjectSection(ProjectDependencies) = postProject
		{FCE01563-C866-4700-BD18-381F5072756D} = {FCE01563-C866-4700-BD18-381F5072756D}
	EndProjectSection
EndProject
Global
	GlobalSection(SolutionConfigurationPlatforms) = preSolution
		Debug|x86 = Debug|x86
		Release|x86 = Release|x86
	EndGlobalSection
	GlobalSection(ProjectConfigurationPlatforms) = postSolution
		{FCE01563-C866-4700-BD18-381F5072756D}.Debug|x86.ActiveCfg = Debug|x86
		{FCE01563-C866-4700-BD18-381F5072756D}.Debug|x86.Build.0 = Debug|x86
		{FCE01563-C866-4700-BD18-381F5072756D}.Release|x86.ActiveCfg = Release|x86
		{FCE01563-C866-4700-BD18-381F5072756D}.Release|x86.Build.0 = Release|x86
		{9261AE76-5B52-45EC-945A-4E7F6612CFB6}.Debug|x86.ActiveCfg = Debug|x86
		{9261AE76-5B52-45EC-945A-4E7F6612CFB6}.Debug|x86.Build.0 = Debug|x86
		{9261AE76-5B52-45EC-945A-4E7F6612CFB6}.Release|x86.ActiveCfg = Release|x86
		{9261AE76-5B52-45EC-945A-4E7F6612CFB6}.Release|x86.Build.0 = Release|x86
	EndGlobalSection
	GlobalSection(SolutionProperties) = preSolution
		HideSolutionNode = FALSE
	EndGlobalSection
EndGlobal
